<?xml version="1.0" encoding="utf-8"?>
<Project ToolsVersion="4.0" xmlns="http://schemas.microsoft.com/developer/msbuild/2003">
  <ItemGroup>
    <Filter Include="Source Files">
      <UniqueIdentifier>{c566c6fb-480a-47c1-a7d2-bd28c4edd717}</UniqueIdentifier>
      <Extensions>.cpp;.cxx;.c</Extensions>
    </Filter>
    <Filter Include="Header Files">
      <UniqueIdentifier>{ec00f1ca-d97b-4b2c-89c3-31803036e41f}</UniqueIdentifier>
      <Extensions>.h;.hpp</Extensions>
    </Filter>
    <Filter Include="Resource Files">
      <UniqueIdentifier>{5a485ae6-86c1-43c2-ab71-3dee20065905}</UniqueIdentifier>
      <Extensions>.rc;.rc2;.ico;.gif;.bmp;.xml</Extensions>
    </Filter>
    <Filter Include="Definition File">
      <UniqueIdentifier>{6ace4dbe-4d60-4fc7-a686-54017a300e3d}</UniqueIdentifier>
      <Extensions>.odk</Extensions>
    </Filter>
    <Filter Include="Generated Files">
      <UniqueIdentifier>{d00267e2-0dbd-427d-b307-7f9ceaf92ed1}</UniqueIdentifier>
      <Extensions>.cpp;.c;.h</Extensions>
    </Filter>
    <Filter Include="STEP7">
      <UniqueIdentifier>{99b7496f-3de7-445c-8206-56a162ea92ba}</UniqueIdentifier>
      <Extensions>.scl</Extensions>
    </Filter>
    <Filter Include="ODK Helpers">
      <UniqueIdentifier>{0d15d60e-4bfe-4069-a859-6cbafc0288d9}</UniqueIdentifier>
      <Extensions>.cpp;.c;.h</Extensions>
    </Filter>
  </ItemGroup>
  <ItemGroup>
    <ClCompile Include="dllmain.cpp">
      <Filter>Source Files</Filter>
    </ClCompile>
    <ClCompile Include="stdafx.cpp">
      <Filter>Source Files</Filter>
    </ClCompile>
    <ClCompile Include="ODK_AgentPLC_Real.cpp">
      <Filter>Source Files</Filter>
    </ClCompile>
    <ClCompile Include="src_cg_priv\ODK_Execution.cpp">
      <Filter>Generated Files</Filter>
    </ClCompile>
    <ClCompile Include="src_odk_helpers\ODK_CpuReadData.cpp">
      <Filter>ODK Helpers</Filter>
    </ClCompile>
    <ClCompile Include="src_odk_helpers\ODK_CpuReadWriteData.cpp">
      <Filter>ODK Helpers</Filter>
    </ClCompile>
    <ClCompile Include="src_odk_helpers\ODK_StringHelper.cpp">
      <Filter>ODK Helpers</Filter>
    </ClCompile>
  </ItemGroup>
  <ItemGroup>
    <ClInclude Include="targetver.h">
      <Filter>Header Files</Filter>
    </ClInclude>
    <ClInclude Include="stdafx.h">
      <Filter>Header Files</Filter>
    </ClInclude>
    <ClInclude Include="resource.h">
      <Filter>Header Files</Filter>
    </ClInclude>
    <ClInclude Include="src_cg_priv\ODK_Types.h">
      <Filter>Generated Files</Filter>
    </ClInclude>
    <ClInclude Include="src_cg_priv\ODK_Functions.h">
      <Filter>Generated Files</Filter>
    </ClInclude>
    <ClInclude Include="src_odk_helpers\ODK_CpuReadData.h">
      <Filter>ODK Helpers</Filter>
    </ClInclude>
    <ClInclude Include="src_odk_helpers\ODK_CpuReadWriteData.h">
      <Filter>ODK Helpers</Filter>
    </ClInclude>
    <ClInclude Include="src_odk_helpers\ODK_StringHelper.h">
      <Filter>ODK Helpers</Filter>
    </ClInclude>
  </ItemGroup>
  <ItemGroup>
    <ResourceCompile Include="ODK_AgentPLC_Real.rc">
      <Filter>Resource Files</Filter>
    </ResourceCompile>
  </ItemGroup>
  <ItemGroup>
    <None Include="STEP7\ODK_AgentPLC_Real.scl">
      <Filter>STEP7</Filter>
    </None>
  </ItemGroup>
  <ItemGroup>
    <CustomBuild Include="def\ODK_AgentPLC_Real.odk">
      <Filter>Definition File</Filter>
    </CustomBuild>
  </ItemGroup>
</Project>